
Microsoft Visual Studio Solution File, Format Version 12.00
Project("{FAE04EC0-301F-11D3-BF4B-00C04F79EFBC}") = "Payments", "Payments\Payments.csproj", "{9E874618-51D7-477B-A517-307689DE569F}"
EndProject
Project("{2150E333-8FDC-42A3-9474-1A3956D46DE8}") = "src", "src", "{B34DA47C-F3AC-47A0-BBFF-C40F62A8358B}"
EndProject
Project("{2150E333-8FDC-42A3-9474-1A3956D46DE8}") = "tests", "tests", "{DDBE63A8-5717-4F81-AEC6-F41BDCCA9ACA}"
EndProject
Project("{FAE04EC0-301F-11D3-BF4B-00C04F79EFBC}") = "Application", "Application\Application.csproj", "{2A7F53A8-3BDE-4CD5-96CB-2DA28E2AF1C3}"
EndProject
Project("{FAE04EC0-301F-11D3-BF4B-00C04F79EFBC}") = "Domain", "Domain\Domain.csproj", "{5241598E-6C98-481E-A840-95CC607B9728}"
EndProject
Project("{FAE04EC0-301F-11D3-BF4B-00C04F79EFBC}") = "Infrastructure", "Infrastructure\Infrastructure.csproj", "{262299CB-CBED-4635-9E0E-3728EC19A742}"
EndProject
Project("{FAE04EC0-301F-11D3-BF4B-00C04F79EFBC}") = "Contracts", "Contracts\Contracts.csproj", "{B9A9384C-0B40-49B6-B160-EF3C1ABAFF84}"
EndProject
Project("{FAE04EC0-301F-11D3-BF4B-00C04F79EFBC}") = "UnitTests", "UnitTests\UnitTests.csproj", "{4D486130-0774-47D4-8409-E4A8DC5EF2B0}"
EndProject
Project("{FAE04EC0-301F-11D3-BF4B-00C04F79EFBC}") = "IntegrationTests", "IntegrationTests\IntegrationTests.csproj", "{13B0A39B-931A-4307-9591-28D7EABEC833}"
EndProject
Global
	GlobalSection(SolutionConfigurationPlatforms) = preSolution
		Debug|Any CPU = Debug|Any CPU
		Release|Any CPU = Release|Any CPU
	EndGlobalSection
	GlobalSection(ProjectConfigurationPlatforms) = postSolution
		{9E874618-51D7-477B-A517-307689DE569F}.Debug|Any CPU.ActiveCfg = Debug|Any CPU
		{9E874618-51D7-477B-A517-307689DE569F}.Debug|Any CPU.Build.0 = Debug|Any CPU
		{9E874618-51D7-477B-A517-307689DE569F}.Release|Any CPU.ActiveCfg = Release|Any CPU
		{9E874618-51D7-477B-A517-307689DE569F}.Release|Any CPU.Build.0 = Release|Any CPU
		{2A7F53A8-3BDE-4CD5-96CB-2DA28E2AF1C3}.Debug|Any CPU.ActiveCfg = Debug|Any CPU
		{2A7F53A8-3BDE-4CD5-96CB-2DA28E2AF1C3}.Debug|Any CPU.Build.0 = Debug|Any CPU
		{2A7F53A8-3BDE-4CD5-96CB-2DA28E2AF1C3}.Release|Any CPU.ActiveCfg = Release|Any CPU
		{2A7F53A8-3BDE-4CD5-96CB-2DA28E2AF1C3}.Release|Any CPU.Build.0 = Release|Any CPU
		{5241598E-6C98-481E-A840-95CC607B9728}.Debug|Any CPU.ActiveCfg = Debug|Any CPU
		{5241598E-6C98-481E-A840-95CC607B9728}.Debug|Any CPU.Build.0 = Debug|Any CPU
		{5241598E-6C98-481E-A840-95CC607B9728}.Release|Any CPU.ActiveCfg = Release|Any CPU
		{5241598E-6C98-481E-A840-95CC607B9728}.Release|Any CPU.Build.0 = Release|Any CPU
		{262299CB-CBED-4635-9E0E-3728EC19A742}.Debug|Any CPU.ActiveCfg = Debug|Any CPU
		{262299CB-CBED-4635-9E0E-3728EC19A742}.Debug|Any CPU.Build.0 = Debug|Any CPU
		{262299CB-CBED-4635-9E0E-3728EC19A742}.Release|Any CPU.ActiveCfg = Release|Any CPU
		{262299CB-CBED-4635-9E0E-3728EC19A742}.Release|Any CPU.Build.0 = Release|Any CPU
		{B9A9384C-0B40-49B6-B160-EF3C1ABAFF84}.Debug|Any CPU.ActiveCfg = Debug|Any CPU
		{B9A9384C-0B40-49B6-B160-EF3C1ABAFF84}.Debug|Any CPU.Build.0 = Debug|Any CPU
		{B9A9384C-0B40-49B6-B160-EF3C1ABAFF84}.Release|Any CPU.ActiveCfg = Release|Any CPU
		{B9A9384C-0B40-49B6-B160-EF3C1ABAFF84}.Release|Any CPU.Build.0 = Release|Any CPU
		{4D486130-0774-47D4-8409-E4A8DC5EF2B0}.Debug|Any CPU.ActiveCfg = Debug|Any CPU
		{4D486130-0774-47D4-8409-E4A8DC5EF2B0}.Debug|Any CPU.Build.0 = Debug|Any CPU
		{4D486130-0774-47D4-8409-E4A8DC5EF2B0}.Release|Any CPU.ActiveCfg = Release|Any CPU
		{4D486130-0774-47D4-8409-E4A8DC5EF2B0}.Release|Any CPU.Build.0 = Release|Any CPU
		{13B0A39B-931A-4307-9591-28D7EABEC833}.Debug|Any CPU.ActiveCfg = Debug|Any CPU
		{13B0A39B-931A-4307-9591-28D7EABEC833}.Debug|Any CPU.Build.0 = Debug|Any CPU
		{13B0A39B-931A-4307-9591-28D7EABEC833}.Release|Any CPU.ActiveCfg = Release|Any CPU
		{13B0A39B-931A-4307-9591-28D7EABEC833}.Release|Any CPU.Build.0 = Release|Any CPU
	EndGlobalSection
	GlobalSection(NestedProjects) = preSolution
		{9E874618-51D7-477B-A517-307689DE569F} = {B34DA47C-F3AC-47A0-BBFF-C40F62A8358B}
		{2A7F53A8-3BDE-4CD5-96CB-2DA28E2AF1C3} = {B34DA47C-F3AC-47A0-BBFF-C40F62A8358B}
		{5241598E-6C98-481E-A840-95CC607B9728} = {B34DA47C-F3AC-47A0-BBFF-C40F62A8358B}
		{262299CB-CBED-4635-9E0E-3728EC19A742} = {B34DA47C-F3AC-47A0-BBFF-C40F62A8358B}
		{B9A9384C-0B40-49B6-B160-EF3C1ABAFF84} = {B34DA47C-F3AC-47A0-BBFF-C40F62A8358B}
		{4D486130-0774-47D4-8409-E4A8DC5EF2B0} = {DDBE63A8-5717-4F81-AEC6-F41BDCCA9ACA}
		{13B0A39B-931A-4307-9591-28D7EABEC833} = {DDBE63A8-5717-4F81-AEC6-F41BDCCA9ACA}
	EndGlobalSection
EndGlobal
