
Microsoft Visual Studio Solution File, Format Version 12.00
Project("{FAE04EC0-301F-11D3-BF4B-00C04F79EFBC}") = "Auth", "Auth\Auth.csproj", "{9C5A11F6-C430-44B4-B8F0-AE362FE473B3}"
EndProject
Project("{FAE04EC0-301F-11D3-BF4B-00C04F79EFBC}") = "Application", "Application\Application.csproj", "{10572AA5-13F5-4061-948D-92E258E8CA43}"
EndProject
Project("{FAE04EC0-301F-11D3-BF4B-00C04F79EFBC}") = "Infrastructure", "Infrastructure\Infrastructure.csproj", "{EEC56B82-7012-439D-A5F1-9EC4339AC3DB}"
EndProject
Project("{FAE04EC0-301F-11D3-BF4B-00C04F79EFBC}") = "Domain", "Domain\Domain.csproj", "{38E048BC-A44D-4404-8C81-2D573E46A510}"
EndProject
Project("{FAE04EC0-301F-11D3-BF4B-00C04F79EFBC}") = "Contracts", "Contracts\Contracts.csproj", "{38FEDF41-1D33-42D6-BDC1-68FADB9CC075}"
EndProject
Project("{2150E333-8FDC-42A3-9474-1A3956D46DE8}") = "src", "src", "{1EA328C1-1E6E-43D9-8C58-D454732A66F4}"
EndProject
Project("{2150E333-8FDC-42A3-9474-1A3956D46DE8}") = "tests", "tests", "{C43679C3-6A9A-464D-9C30-DB634C0C262C}"
EndProject
Project("{FAE04EC0-301F-11D3-BF4B-00C04F79EFBC}") = "UnitTests", "UnitTests\UnitTests.csproj", "{9D1B9E5C-0820-445D-B816-923FE5CC2227}"
EndProject
Project("{FAE04EC0-301F-11D3-BF4B-00C04F79EFBC}") = "IntegrationTests", "IntegrationTests\IntegrationTests.csproj", "{43F64B6D-64DC-406F-BA33-CD50A5624A73}"
EndProject
Global
	GlobalSection(SolutionConfigurationPlatforms) = preSolution
		Debug|Any CPU = Debug|Any CPU
		Release|Any CPU = Release|Any CPU
	EndGlobalSection
	GlobalSection(ProjectConfigurationPlatforms) = postSolution
		{9C5A11F6-C430-44B4-B8F0-AE362FE473B3}.Debug|Any CPU.ActiveCfg = Debug|Any CPU
		{9C5A11F6-C430-44B4-B8F0-AE362FE473B3}.Debug|Any CPU.Build.0 = Debug|Any CPU
		{9C5A11F6-C430-44B4-B8F0-AE362FE473B3}.Release|Any CPU.ActiveCfg = Release|Any CPU
		{9C5A11F6-C430-44B4-B8F0-AE362FE473B3}.Release|Any CPU.Build.0 = Release|Any CPU
		{10572AA5-13F5-4061-948D-92E258E8CA43}.Debug|Any CPU.ActiveCfg = Debug|Any CPU
		{10572AA5-13F5-4061-948D-92E258E8CA43}.Debug|Any CPU.Build.0 = Debug|Any CPU
		{10572AA5-13F5-4061-948D-92E258E8CA43}.Release|Any CPU.ActiveCfg = Release|Any CPU
		{10572AA5-13F5-4061-948D-92E258E8CA43}.Release|Any CPU.Build.0 = Release|Any CPU
		{EEC56B82-7012-439D-A5F1-9EC4339AC3DB}.Debug|Any CPU.ActiveCfg = Debug|Any CPU
		{EEC56B82-7012-439D-A5F1-9EC4339AC3DB}.Debug|Any CPU.Build.0 = Debug|Any CPU
		{EEC56B82-7012-439D-A5F1-9EC4339AC3DB}.Release|Any CPU.ActiveCfg = Release|Any CPU
		{EEC56B82-7012-439D-A5F1-9EC4339AC3DB}.Release|Any CPU.Build.0 = Release|Any CPU
		{38E048BC-A44D-4404-8C81-2D573E46A510}.Debug|Any CPU.ActiveCfg = Debug|Any CPU
		{38E048BC-A44D-4404-8C81-2D573E46A510}.Debug|Any CPU.Build.0 = Debug|Any CPU
		{38E048BC-A44D-4404-8C81-2D573E46A510}.Release|Any CPU.ActiveCfg = Release|Any CPU
		{38E048BC-A44D-4404-8C81-2D573E46A510}.Release|Any CPU.Build.0 = Release|Any CPU
		{38FEDF41-1D33-42D6-BDC1-68FADB9CC075}.Debug|Any CPU.ActiveCfg = Debug|Any CPU
		{38FEDF41-1D33-42D6-BDC1-68FADB9CC075}.Debug|Any CPU.Build.0 = Debug|Any CPU
		{38FEDF41-1D33-42D6-BDC1-68FADB9CC075}.Release|Any CPU.ActiveCfg = Release|Any CPU
		{38FEDF41-1D33-42D6-BDC1-68FADB9CC075}.Release|Any CPU.Build.0 = Release|Any CPU
		{9D1B9E5C-0820-445D-B816-923FE5CC2227}.Debug|Any CPU.ActiveCfg = Debug|Any CPU
		{9D1B9E5C-0820-445D-B816-923FE5CC2227}.Debug|Any CPU.Build.0 = Debug|Any CPU
		{9D1B9E5C-0820-445D-B816-923FE5CC2227}.Release|Any CPU.ActiveCfg = Release|Any CPU
		{9D1B9E5C-0820-445D-B816-923FE5CC2227}.Release|Any CPU.Build.0 = Release|Any CPU
		{43F64B6D-64DC-406F-BA33-CD50A5624A73}.Debug|Any CPU.ActiveCfg = Debug|Any CPU
		{43F64B6D-64DC-406F-BA33-CD50A5624A73}.Debug|Any CPU.Build.0 = Debug|Any CPU
		{43F64B6D-64DC-406F-BA33-CD50A5624A73}.Release|Any CPU.ActiveCfg = Release|Any CPU
		{43F64B6D-64DC-406F-BA33-CD50A5624A73}.Release|Any CPU.Build.0 = Release|Any CPU
	EndGlobalSection
	GlobalSection(NestedProjects) = preSolution
		{38E048BC-A44D-4404-8C81-2D573E46A510} = {1EA328C1-1E6E-43D9-8C58-D454732A66F4}
		{EEC56B82-7012-439D-A5F1-9EC4339AC3DB} = {1EA328C1-1E6E-43D9-8C58-D454732A66F4}
		{38FEDF41-1D33-42D6-BDC1-68FADB9CC075} = {1EA328C1-1E6E-43D9-8C58-D454732A66F4}
		{9C5A11F6-C430-44B4-B8F0-AE362FE473B3} = {1EA328C1-1E6E-43D9-8C58-D454732A66F4}
		{10572AA5-13F5-4061-948D-92E258E8CA43} = {1EA328C1-1E6E-43D9-8C58-D454732A66F4}
		{9D1B9E5C-0820-445D-B816-923FE5CC2227} = {C43679C3-6A9A-464D-9C30-DB634C0C262C}
		{43F64B6D-64DC-406F-BA33-CD50A5624A73} = {C43679C3-6A9A-464D-9C30-DB634C0C262C}
	EndGlobalSection
EndGlobal
