
Microsoft Visual Studio Solution File, Format Version 12.00
Project("{FAE04EC0-301F-11D3-BF4B-00C04F79EFBC}") = "Catalog", "Catalog\Catalog.csproj", "{45CFEF49-4EE3-464A-A8B6-EFE82488BF62}"
EndProject
Project("{2150E333-8FDC-42A3-9474-1A3956D46DE8}") = "src", "src", "{33E28998-7060-4C88-A3B7-CB54A85B0DDB}"
EndProject
Project("{2150E333-8FDC-42A3-9474-1A3956D46DE8}") = "tests", "tests", "{F3DC256A-3FC6-4E8C-BB12-7AEE41FF2983}"
EndProject
Project("{FAE04EC0-301F-11D3-BF4B-00C04F79EFBC}") = "Application", "Application\Application.csproj", "{5871CD7D-EC36-47DF-9801-AA49CCCB685B}"
EndProject
Project("{FAE04EC0-301F-11D3-BF4B-00C04F79EFBC}") = "Domain", "Domain\Domain.csproj", "{91F252ED-3C4F-4316-823D-877AF5ECA18B}"
EndProject
Project("{FAE04EC0-301F-11D3-BF4B-00C04F79EFBC}") = "Infrastructure", "Infrastructure\Infrastructure.csproj", "{E2664F15-09F8-466F-8AF9-44876FE1289C}"
EndProject
Project("{FAE04EC0-301F-11D3-BF4B-00C04F79EFBC}") = "Contracts", "Contracts\Contracts.csproj", "{B04757CA-013F-42C3-81A4-6C3B0FF3200F}"
EndProject
Project("{FAE04EC0-301F-11D3-BF4B-00C04F79EFBC}") = "UnitTests", "UnitTests\UnitTests.csproj", "{0264F24D-0CC9-4CE4-AF3E-0F060810F385}"
EndProject
Project("{FAE04EC0-301F-11D3-BF4B-00C04F79EFBC}") = "IntegrationTests", "IntegrationTests\IntegrationTests.csproj", "{B1EF13E6-5318-4EF3-8C2D-A711AF55C353}"
EndProject
Global
	GlobalSection(SolutionConfigurationPlatforms) = preSolution
		Debug|Any CPU = Debug|Any CPU
		Release|Any CPU = Release|Any CPU
	EndGlobalSection
	GlobalSection(ProjectConfigurationPlatforms) = postSolution
		{45CFEF49-4EE3-464A-A8B6-EFE82488BF62}.Debug|Any CPU.ActiveCfg = Debug|Any CPU
		{45CFEF49-4EE3-464A-A8B6-EFE82488BF62}.Debug|Any CPU.Build.0 = Debug|Any CPU
		{45CFEF49-4EE3-464A-A8B6-EFE82488BF62}.Release|Any CPU.ActiveCfg = Release|Any CPU
		{45CFEF49-4EE3-464A-A8B6-EFE82488BF62}.Release|Any CPU.Build.0 = Release|Any CPU
		{5871CD7D-EC36-47DF-9801-AA49CCCB685B}.Debug|Any CPU.ActiveCfg = Debug|Any CPU
		{5871CD7D-EC36-47DF-9801-AA49CCCB685B}.Debug|Any CPU.Build.0 = Debug|Any CPU
		{5871CD7D-EC36-47DF-9801-AA49CCCB685B}.Release|Any CPU.ActiveCfg = Release|Any CPU
		{5871CD7D-EC36-47DF-9801-AA49CCCB685B}.Release|Any CPU.Build.0 = Release|Any CPU
		{91F252ED-3C4F-4316-823D-877AF5ECA18B}.Debug|Any CPU.ActiveCfg = Debug|Any CPU
		{91F252ED-3C4F-4316-823D-877AF5ECA18B}.Debug|Any CPU.Build.0 = Debug|Any CPU
		{91F252ED-3C4F-4316-823D-877AF5ECA18B}.Release|Any CPU.ActiveCfg = Release|Any CPU
		{91F252ED-3C4F-4316-823D-877AF5ECA18B}.Release|Any CPU.Build.0 = Release|Any CPU
		{E2664F15-09F8-466F-8AF9-44876FE1289C}.Debug|Any CPU.ActiveCfg = Debug|Any CPU
		{E2664F15-09F8-466F-8AF9-44876FE1289C}.Debug|Any CPU.Build.0 = Debug|Any CPU
		{E2664F15-09F8-466F-8AF9-44876FE1289C}.Release|Any CPU.ActiveCfg = Release|Any CPU
		{E2664F15-09F8-466F-8AF9-44876FE1289C}.Release|Any CPU.Build.0 = Release|Any CPU
		{B04757CA-013F-42C3-81A4-6C3B0FF3200F}.Debug|Any CPU.ActiveCfg = Debug|Any CPU
		{B04757CA-013F-42C3-81A4-6C3B0FF3200F}.Debug|Any CPU.Build.0 = Debug|Any CPU
		{B04757CA-013F-42C3-81A4-6C3B0FF3200F}.Release|Any CPU.ActiveCfg = Release|Any CPU
		{B04757CA-013F-42C3-81A4-6C3B0FF3200F}.Release|Any CPU.Build.0 = Release|Any CPU
		{0264F24D-0CC9-4CE4-AF3E-0F060810F385}.Debug|Any CPU.ActiveCfg = Debug|Any CPU
		{0264F24D-0CC9-4CE4-AF3E-0F060810F385}.Debug|Any CPU.Build.0 = Debug|Any CPU
		{0264F24D-0CC9-4CE4-AF3E-0F060810F385}.Release|Any CPU.ActiveCfg = Release|Any CPU
		{0264F24D-0CC9-4CE4-AF3E-0F060810F385}.Release|Any CPU.Build.0 = Release|Any CPU
		{B1EF13E6-5318-4EF3-8C2D-A711AF55C353}.Debug|Any CPU.ActiveCfg = Debug|Any CPU
		{B1EF13E6-5318-4EF3-8C2D-A711AF55C353}.Debug|Any CPU.Build.0 = Debug|Any CPU
		{B1EF13E6-5318-4EF3-8C2D-A711AF55C353}.Release|Any CPU.ActiveCfg = Release|Any CPU
		{B1EF13E6-5318-4EF3-8C2D-A711AF55C353}.Release|Any CPU.Build.0 = Release|Any CPU
	EndGlobalSection
	GlobalSection(NestedProjects) = preSolution
		{45CFEF49-4EE3-464A-A8B6-EFE82488BF62} = {33E28998-7060-4C88-A3B7-CB54A85B0DDB}
		{5871CD7D-EC36-47DF-9801-AA49CCCB685B} = {33E28998-7060-4C88-A3B7-CB54A85B0DDB}
		{91F252ED-3C4F-4316-823D-877AF5ECA18B} = {33E28998-7060-4C88-A3B7-CB54A85B0DDB}
		{E2664F15-09F8-466F-8AF9-44876FE1289C} = {33E28998-7060-4C88-A3B7-CB54A85B0DDB}
		{B04757CA-013F-42C3-81A4-6C3B0FF3200F} = {33E28998-7060-4C88-A3B7-CB54A85B0DDB}
		{0264F24D-0CC9-4CE4-AF3E-0F060810F385} = {F3DC256A-3FC6-4E8C-BB12-7AEE41FF2983}
		{B1EF13E6-5318-4EF3-8C2D-A711AF55C353} = {F3DC256A-3FC6-4E8C-BB12-7AEE41FF2983}
	EndGlobalSection
EndGlobal
